
Microsoft Visual Studio Solution File, Format Version 12.00
# Visual Studio Version 17
VisualStudioVersion = 17.14.37516.0
MinimumVisualStudioVersion = 10.0.40219.1
Project("{FAE04EC0-301F-11D3-BF4B-00C04F79EFBC}") = "OOP-Practice-2 - Bibliothek", "OOP-Practice-2 - Bibliothek\OOP-Practice-2 - Bibliothek.csproj", "{4F1C2017-BA31-463D-BFCD-66912AB9934E}"
EndProject
Global
	GlobalSection(SolutionConfigurationPlatforms) = preSolution
		Debug|Any CPU = Debug|Any CPU
		Release|Any CPU = Release|Any CPU
	EndGlobalSection
	GlobalSection(ProjectConfigurationPlatforms) = postSolution
		{4F1C2017-BA31-463D-BFCD-66912AB9934E}.Debug|Any CPU.ActiveCfg = Debug|Any CPU
		{4F1C2017-BA31-463D-BFCD-66912AB9934E}.Debug|Any CPU.Build.0 = Debug|Any CPU
		{4F1C2017-BA31-463D-BFCD-66912AB9934E}.Release|Any CPU.ActiveCfg = Release|Any CPU
		{4F1C2017-BA31-463D-BFCD-66912AB9934E}.Release|Any CPU.Build.0 = Release|Any CPU
	EndGlobalSection
	GlobalSection(SolutionProperties) = preSolution
		HideSolutionNode = FALSE
	EndGlobalSection
	GlobalSection(ExtensibilityGlobals) = postSolution
		SolutionGuid = {3F0E3917-69A9-42AC-BEA4-08036446E44A}
	EndGlobalSection
EndGlobal
